
Microsoft Visual Studio Solution File, Format Version 12.00
# Visual Studio Version 17
VisualStudioVersion = 17.3.32922.545
MinimumVisualStudioVersion = 10.0.40219.1
Project("{FAE04EC0-301F-11D3-BF4B-00C04F79EFBC}") = "Homework1", "Homework1\Homework1.csproj", "{89DA04C9-42EB-40ED-A6B9-5AA70C6A3D3C}"
EndProject
Global
	GlobalSection(SolutionConfigurationPlatforms) = preSolution
		Debug|Any CPU = Debug|Any CPU
		Release|Any CPU = Release|Any CPU
	EndGlobalSection
	GlobalSection(ProjectConfigurationPlatforms) = postSolution
		{89DA04C9-42EB-40ED-A6B9-5AA70C6A3D3C}.Debug|Any CPU.ActiveCfg = Debug|Any CPU
		{89DA04C9-42EB-40ED-A6B9-5AA70C6A3D3C}.Debug|Any CPU.Build.0 = Debug|Any CPU
		{89DA04C9-42EB-40ED-A6B9-5AA70C6A3D3C}.Release|Any CPU.ActiveCfg = Release|Any CPU
		{89DA04C9-42EB-40ED-A6B9-5AA70C6A3D3C}.Release|Any CPU.Build.0 = Release|Any CPU
	EndGlobalSection
	GlobalSection(SolutionProperties) = preSolution
		HideSolutionNode = FALSE
	EndGlobalSection
	GlobalSection(ExtensibilityGlobals) = postSolution
		SolutionGuid = {CE3DDDB4-0610-4052-94E3-D0E76748D09A}
	EndGlobalSection
EndGlobal
