
Microsoft Visual Studio Solution File, Format Version 12.00
# Visual Studio Version 17
VisualStudioVersion = 17.3.32929.385
MinimumVisualStudioVersion = 10.0.40219.1
Project("{FAE04EC0-301F-11D3-BF4B-00C04F79EFBC}") = "Homework7", "Homework7\Homework7.csproj", "{90276B61-A45F-45DA-AF4D-882F597085E7}"
EndProject
Global
	GlobalSection(SolutionConfigurationPlatforms) = preSolution
		Debug|Any CPU = Debug|Any CPU
		Release|Any CPU = Release|Any CPU
	EndGlobalSection
	GlobalSection(ProjectConfigurationPlatforms) = postSolution
		{90276B61-A45F-45DA-AF4D-882F597085E7}.Debug|Any CPU.ActiveCfg = Debug|Any CPU
		{90276B61-A45F-45DA-AF4D-882F597085E7}.Debug|Any CPU.Build.0 = Debug|Any CPU
		{90276B61-A45F-45DA-AF4D-882F597085E7}.Release|Any CPU.ActiveCfg = Release|Any CPU
		{90276B61-A45F-45DA-AF4D-882F597085E7}.Release|Any CPU.Build.0 = Release|Any CPU
	EndGlobalSection
	GlobalSection(SolutionProperties) = preSolution
		HideSolutionNode = FALSE
	EndGlobalSection
	GlobalSection(ExtensibilityGlobals) = postSolution
		SolutionGuid = {74AE0700-A444-402C-9C82-4CAEFAE2AF75}
	EndGlobalSection
EndGlobal
