
Microsoft Visual Studio Solution File, Format Version 12.00
# Visual Studio Version 17
VisualStudioVersion = 17.3.32929.385
MinimumVisualStudioVersion = 10.0.40219.1
Project("{FAE04EC0-301F-11D3-BF4B-00C04F79EFBC}") = "Homework8", "Homework8\Homework8.csproj", "{413BD400-B5B0-410C-9756-D470D73141F3}"
EndProject
Global
	GlobalSection(SolutionConfigurationPlatforms) = preSolution
		Debug|Any CPU = Debug|Any CPU
		Release|Any CPU = Release|Any CPU
	EndGlobalSection
	GlobalSection(ProjectConfigurationPlatforms) = postSolution
		{413BD400-B5B0-410C-9756-D470D73141F3}.Debug|Any CPU.ActiveCfg = Debug|Any CPU
		{413BD400-B5B0-410C-9756-D470D73141F3}.Debug|Any CPU.Build.0 = Debug|Any CPU
		{413BD400-B5B0-410C-9756-D470D73141F3}.Release|Any CPU.ActiveCfg = Release|Any CPU
		{413BD400-B5B0-410C-9756-D470D73141F3}.Release|Any CPU.Build.0 = Release|Any CPU
	EndGlobalSection
	GlobalSection(SolutionProperties) = preSolution
		HideSolutionNode = FALSE
	EndGlobalSection
	GlobalSection(ExtensibilityGlobals) = postSolution
		SolutionGuid = {B3D3BB8F-0B00-41D3-A7C0-65BD351E1A25}
	EndGlobalSection
EndGlobal
